
Microsoft Visual Studio Solution File, Format Version 12.00
# Visual Studio Version 16
VisualStudioVersion = 16.0.30114.105
MinimumVisualStudioVersion = 10.0.40219.1
Project("{2150E333-8FDC-42A3-9474-1A3956D46DE8}") = "src", "src", "{760E0341-7AA1-4B9E-BC9C-82B478119DD1}"
EndProject
Project("{FAE04EC0-301F-11D3-BF4B-00C04F79EFBC}") = "Algorithms.Common", "src\Algorithms.Common\Algorithms.Common.csproj", "{C2A19D95-6F98-4FFD-AF83-B0E94AA97A20}"
EndProject
Project("{FAE04EC0-301F-11D3-BF4B-00C04F79EFBC}") = "Algorithms.Sorting", "src\Algorithms.Sorting\Algorithms.Sorting.csproj", "{CC18B9C1-08E0-4D19-8BE6-BA7EC8E2231C}"
EndProject
Global
	GlobalSection(SolutionConfigurationPlatforms) = preSolution
		Debug|Any CPU = Debug|Any CPU
		Debug|x64 = Debug|x64
		Debug|x86 = Debug|x86
		Release|Any CPU = Release|Any CPU
		Release|x64 = Release|x64
		Release|x86 = Release|x86
	EndGlobalSection
	GlobalSection(SolutionProperties) = preSolution
		HideSolutionNode = FALSE
	EndGlobalSection
	GlobalSection(ProjectConfigurationPlatforms) = postSolution
		{C2A19D95-6F98-4FFD-AF83-B0E94AA97A20}.Debug|Any CPU.ActiveCfg = Debug|Any CPU
		{C2A19D95-6F98-4FFD-AF83-B0E94AA97A20}.Debug|Any CPU.Build.0 = Debug|Any CPU
		{C2A19D95-6F98-4FFD-AF83-B0E94AA97A20}.Debug|x64.ActiveCfg = Debug|Any CPU
		{C2A19D95-6F98-4FFD-AF83-B0E94AA97A20}.Debug|x64.Build.0 = Debug|Any CPU
		{C2A19D95-6F98-4FFD-AF83-B0E94AA97A20}.Debug|x86.ActiveCfg = Debug|Any CPU
		{C2A19D95-6F98-4FFD-AF83-B0E94AA97A20}.Debug|x86.Build.0 = Debug|Any CPU
		{C2A19D95-6F98-4FFD-AF83-B0E94AA97A20}.Release|Any CPU.ActiveCfg = Release|Any CPU
		{C2A19D95-6F98-4FFD-AF83-B0E94AA97A20}.Release|Any CPU.Build.0 = Release|Any CPU
		{C2A19D95-6F98-4FFD-AF83-B0E94AA97A20}.Release|x64.ActiveCfg = Release|Any CPU
		{C2A19D95-6F98-4FFD-AF83-B0E94AA97A20}.Release|x64.Build.0 = Release|Any CPU
		{C2A19D95-6F98-4FFD-AF83-B0E94AA97A20}.Release|x86.ActiveCfg = Release|Any CPU
		{C2A19D95-6F98-4FFD-AF83-B0E94AA97A20}.Release|x86.Build.0 = Release|Any CPU
		{CC18B9C1-08E0-4D19-8BE6-BA7EC8E2231C}.Debug|Any CPU.ActiveCfg = Debug|Any CPU
		{CC18B9C1-08E0-4D19-8BE6-BA7EC8E2231C}.Debug|Any CPU.Build.0 = Debug|Any CPU
		{CC18B9C1-08E0-4D19-8BE6-BA7EC8E2231C}.Debug|x64.ActiveCfg = Debug|Any CPU
		{CC18B9C1-08E0-4D19-8BE6-BA7EC8E2231C}.Debug|x64.Build.0 = Debug|Any CPU
		{CC18B9C1-08E0-4D19-8BE6-BA7EC8E2231C}.Debug|x86.ActiveCfg = Debug|Any CPU
		{CC18B9C1-08E0-4D19-8BE6-BA7EC8E2231C}.Debug|x86.Build.0 = Debug|Any CPU
		{CC18B9C1-08E0-4D19-8BE6-BA7EC8E2231C}.Release|Any CPU.ActiveCfg = Release|Any CPU
		{CC18B9C1-08E0-4D19-8BE6-BA7EC8E2231C}.Release|Any CPU.Build.0 = Release|Any CPU
		{CC18B9C1-08E0-4D19-8BE6-BA7EC8E2231C}.Release|x64.ActiveCfg = Release|Any CPU
		{CC18B9C1-08E0-4D19-8BE6-BA7EC8E2231C}.Release|x64.Build.0 = Release|Any CPU
		{CC18B9C1-08E0-4D19-8BE6-BA7EC8E2231C}.Release|x86.ActiveCfg = Release|Any CPU
		{CC18B9C1-08E0-4D19-8BE6-BA7EC8E2231C}.Release|x86.Build.0 = Release|Any CPU
	EndGlobalSection
	GlobalSection(NestedProjects) = preSolution
		{C2A19D95-6F98-4FFD-AF83-B0E94AA97A20} = {760E0341-7AA1-4B9E-BC9C-82B478119DD1}
		{CC18B9C1-08E0-4D19-8BE6-BA7EC8E2231C} = {760E0341-7AA1-4B9E-BC9C-82B478119DD1}
	EndGlobalSection
EndGlobal
